PODS:
  - MyLibrary (0.1.0)

DEPENDENCIES:
  - MyLibrary (= 0.1.0)

SPEC REPOS:
  https://gitee.com/differentialmanifold/cocoa-pods-specs.git:
    - MyLibrary

SPEC CHECKSUMS:
  MyLibrary: e5ca3694aeb4c08e13ddf2bd85668b144d0b9af0

PODFILE CHECKSUM: 63dbc758b836e3bb31249e8bbbf6b8f4146711b2

COCOAPODS: 1.9.3
