PODS:
  - MyLibrary (0.2.0)

DEPENDENCIES:
  - MyLibrary (= 0.2.0)

SPEC REPOS:
  https://gitee.com/differentialmanifold/cocoa-pods-specs.git:
    - MyLibrary

SPEC CHECKSUMS:
  MyLibrary: f16504ea035711f8bc6996d086ee50929391882f

PODFILE CHECKSUM: cab7faa3dc79ee0370fc56ba03d510a77be994fb

COCOAPODS: 1.9.3
